
Microsoft Visual Studio Solution File, Format Version 12.00
# Visual Studio Version 16
VisualStudioVersion = 16.0.29806.167
MinimumVisualStudioVersion = 10.0.40219.1
Project("{9A19103F-16F7-4668-BE54-9A1E7A4F7556}") = "Mentor.Web", "NetCoreMentor\Mentor.Web.csproj", "{81CF67F4-4C2F-41BE-B8B4-E48DC7E70502}"
EndProject
Project("{9A19103F-16F7-4668-BE54-9A1E7A4F7556}") = "Mentor.BusinessLayer", "Mentor.BusinessLayer\Mentor.BusinessLayer.csproj", "{1F86E0E7-BF0A-4B8C-8E97-47069B623535}"
EndProject
Project("{9A19103F-16F7-4668-BE54-9A1E7A4F7556}") = "Mentor.Entities", "Mentor.Entities\Mentor.Entities.csproj", "{0FF24099-E035-4C09-81F0-B483ACFB7A7E}"
EndProject
Global
	GlobalSection(SolutionConfigurationPlatforms) = preSolution
		Debug|Any CPU = Debug|Any CPU
		Release|Any CPU = Release|Any CPU
	EndGlobalSection
	GlobalSection(ProjectConfigurationPlatforms) = postSolution
		{81CF67F4-4C2F-41BE-B8B4-E48DC7E70502}.Debug|Any CPU.ActiveCfg = Debug|Any CPU
		{81CF67F4-4C2F-41BE-B8B4-E48DC7E70502}.Debug|Any CPU.Build.0 = Debug|Any CPU
		{81CF67F4-4C2F-41BE-B8B4-E48DC7E70502}.Release|Any CPU.ActiveCfg = Release|Any CPU
		{81CF67F4-4C2F-41BE-B8B4-E48DC7E70502}.Release|Any CPU.Build.0 = Release|Any CPU
		{1F86E0E7-BF0A-4B8C-8E97-47069B623535}.Debug|Any CPU.ActiveCfg = Debug|Any CPU
		{1F86E0E7-BF0A-4B8C-8E97-47069B623535}.Debug|Any CPU.Build.0 = Debug|Any CPU
		{1F86E0E7-BF0A-4B8C-8E97-47069B623535}.Release|Any CPU.ActiveCfg = Release|Any CPU
		{1F86E0E7-BF0A-4B8C-8E97-47069B623535}.Release|Any CPU.Build.0 = Release|Any CPU
		{0FF24099-E035-4C09-81F0-B483ACFB7A7E}.Debug|Any CPU.ActiveCfg = Debug|Any CPU
		{0FF24099-E035-4C09-81F0-B483ACFB7A7E}.Debug|Any CPU.Build.0 = Debug|Any CPU
		{0FF24099-E035-4C09-81F0-B483ACFB7A7E}.Release|Any CPU.ActiveCfg = Release|Any CPU
		{0FF24099-E035-4C09-81F0-B483ACFB7A7E}.Release|Any CPU.Build.0 = Release|Any CPU
	EndGlobalSection
	GlobalSection(SolutionProperties) = preSolution
		HideSolutionNode = FALSE
	EndGlobalSection
	GlobalSection(ExtensibilityGlobals) = postSolution
		SolutionGuid = {FCD3CE61-6DC6-4F90-B9F9-ABD1EC0D0800}
	EndGlobalSection
EndGlobal
